
Microsoft Visual Studio Solution File, Format Version 12.00
# Visual Studio Version 17
VisualStudioVersion = 17.14.36121.58
MinimumVisualStudioVersion = 10.0.40219.1
Project("{FAE04EC0-301F-11D3-BF4B-00C04F79EFBC}") = "TotalLoggingDemoLib", "TotalLoggingDemoLib\TotalLoggingDemoLib.csproj", "{7A069877-DC37-3913-77AC-F7B02FC11677}"
EndProject
Project("{FAE04EC0-301F-11D3-BF4B-00C04F79EFBC}") = "TotalLoggingDemoApp", "TotalLoggingDemoApp\TotalLoggingDemoApp.csproj", "{C4650EEC-6290-2D1F-7711-2024E220B71B}"
EndProject
Project("{FAE04EC0-301F-11D3-BF4B-00C04F79EFBC}") = "TotalLoggingData", "..\RoslynAspector\TotalLoggingData\TotalLoggingData.csproj", "{4A7697D8-EB76-62F2-76B8-355D7298FBA3}"
EndProject
Global
	GlobalSection(SolutionConfigurationPlatforms) = preSolution
		Debug|Any CPU = Debug|Any CPU
		Release|Any CPU = Release|Any CPU
	EndGlobalSection
	GlobalSection(ProjectConfigurationPlatforms) = postSolution
		{7A069877-DC37-3913-77AC-F7B02FC11677}.Debug|Any CPU.ActiveCfg = Debug|Any CPU
		{7A069877-DC37-3913-77AC-F7B02FC11677}.Debug|Any CPU.Build.0 = Debug|Any CPU
		{7A069877-DC37-3913-77AC-F7B02FC11677}.Release|Any CPU.ActiveCfg = Release|Any CPU
		{7A069877-DC37-3913-77AC-F7B02FC11677}.Release|Any CPU.Build.0 = Release|Any CPU
		{C4650EEC-6290-2D1F-7711-2024E220B71B}.Debug|Any CPU.ActiveCfg = Debug|Any CPU
		{C4650EEC-6290-2D1F-7711-2024E220B71B}.Debug|Any CPU.Build.0 = Debug|Any CPU
		{C4650EEC-6290-2D1F-7711-2024E220B71B}.Release|Any CPU.ActiveCfg = Release|Any CPU
		{C4650EEC-6290-2D1F-7711-2024E220B71B}.Release|Any CPU.Build.0 = Release|Any CPU
		{4A7697D8-EB76-62F2-76B8-355D7298FBA3}.Debug|Any CPU.ActiveCfg = Debug|Any CPU
		{4A7697D8-EB76-62F2-76B8-355D7298FBA3}.Debug|Any CPU.Build.0 = Debug|Any CPU
		{4A7697D8-EB76-62F2-76B8-355D7298FBA3}.Release|Any CPU.ActiveCfg = Release|Any CPU
		{4A7697D8-EB76-62F2-76B8-355D7298FBA3}.Release|Any CPU.Build.0 = Release|Any CPU
	EndGlobalSection
	GlobalSection(SolutionProperties) = preSolution
		HideSolutionNode = FALSE
	EndGlobalSection
	GlobalSection(ExtensibilityGlobals) = postSolution
		SolutionGuid = {3694C9A3-83B2-4B00-9AE5-D56AEA976FD0}
	EndGlobalSection
EndGlobal
